
Microsoft Visual Studio Solution File, Format Version 12.00
# Visual Studio 2012
Project("{E24C65DC-7377-472B-9ABA-BC803B73C61A}") = "Ace_Tutors", "http://localhost:16169", "{34EB41BA-4FB5-48F0-B77C-6A5E782A2582}"
	ProjectSection(WebsiteProperties) = preProject
		UseIISExpress = "true"
		TargetFrameworkMoniker = ".NETFramework,Version%3Dv4.5"
		Debug.AspNetCompiler.VirtualPath = "/localhost_16169"
		Debug.AspNetCompiler.PhysicalPath = "Ace_Tutors\"
		Debug.AspNetCompiler.TargetPath = "PrecompiledWeb\localhost_16169\"
		Debug.AspNetCompiler.Updateable = "true"
		Debug.AspNetCompiler.ForceOverwrite = "true"
		Debug.AspNetCompiler.FixedNames = "false"
		Debug.AspNetCompiler.Debug = "True"
		Release.AspNetCompiler.VirtualPath = "/localhost_16169"
		Release.AspNetCompiler.PhysicalPath = "Ace_Tutors\"
		Release.AspNetCompiler.TargetPath = "PrecompiledWeb\localhost_16169\"
		Release.AspNetCompiler.Updateable = "true"
		Release.AspNetCompiler.ForceOverwrite = "true"
		Release.AspNetCompiler.FixedNames = "false"
		Release.AspNetCompiler.Debug = "False"
		SlnRelativePath = "Ace_Tutors\"
		DefaultWebSiteLanguage = "Visual C#"
	EndProjectSection
EndProject
Project("{FAE04EC0-301F-11D3-BF4B-00C04F79EFBC}") = "Business", "Business\Business.csproj", "{CF7188A1-634A-4F5C-97FB-BAA0F7AB9BAE}"
EndProject
Project("{FAE04EC0-301F-11D3-BF4B-00C04F79EFBC}") = "Data", "Data\Data.csproj", "{F29023BA-89D2-4F5B-A95A-C2742EC21185}"
EndProject
Project("{FAE04EC0-301F-11D3-BF4B-00C04F79EFBC}") = "DataAccess", "DataAccess\DataAccess.csproj", "{58D1962D-E13B-4056-A0C9-408A3782A2C1}"
EndProject
Global
	GlobalSection(SolutionConfigurationPlatforms) = preSolution
		Debug|Any CPU = Debug|Any CPU
		Release|Any CPU = Release|Any CPU
	EndGlobalSection
	GlobalSection(ProjectConfigurationPlatforms) = postSolution
		{34EB41BA-4FB5-48F0-B77C-6A5E782A2582}.Debug|Any CPU.ActiveCfg = Debug|Any CPU
		{34EB41BA-4FB5-48F0-B77C-6A5E782A2582}.Debug|Any CPU.Build.0 = Debug|Any CPU
		{34EB41BA-4FB5-48F0-B77C-6A5E782A2582}.Release|Any CPU.ActiveCfg = Debug|Any CPU
		{34EB41BA-4FB5-48F0-B77C-6A5E782A2582}.Release|Any CPU.Build.0 = Debug|Any CPU
		{CF7188A1-634A-4F5C-97FB-BAA0F7AB9BAE}.Debug|Any CPU.ActiveCfg = Debug|Any CPU
		{CF7188A1-634A-4F5C-97FB-BAA0F7AB9BAE}.Debug|Any CPU.Build.0 = Debug|Any CPU
		{CF7188A1-634A-4F5C-97FB-BAA0F7AB9BAE}.Release|Any CPU.ActiveCfg = Release|Any CPU
		{CF7188A1-634A-4F5C-97FB-BAA0F7AB9BAE}.Release|Any CPU.Build.0 = Release|Any CPU
		{F29023BA-89D2-4F5B-A95A-C2742EC21185}.Debug|Any CPU.ActiveCfg = Debug|Any CPU
		{F29023BA-89D2-4F5B-A95A-C2742EC21185}.Debug|Any CPU.Build.0 = Debug|Any CPU
		{F29023BA-89D2-4F5B-A95A-C2742EC21185}.Release|Any CPU.ActiveCfg = Release|Any CPU
		{F29023BA-89D2-4F5B-A95A-C2742EC21185}.Release|Any CPU.Build.0 = Release|Any CPU
		{58D1962D-E13B-4056-A0C9-408A3782A2C1}.Debug|Any CPU.ActiveCfg = Debug|Any CPU
		{58D1962D-E13B-4056-A0C9-408A3782A2C1}.Debug|Any CPU.Build.0 = Debug|Any CPU
		{58D1962D-E13B-4056-A0C9-408A3782A2C1}.Release|Any CPU.ActiveCfg = Release|Any CPU
		{58D1962D-E13B-4056-A0C9-408A3782A2C1}.Release|Any CPU.Build.0 = Release|Any CPU
	EndGlobalSection
	GlobalSection(SolutionProperties) = preSolution
		HideSolutionNode = FALSE
	EndGlobalSection
EndGlobal
